version: v1

policies:
  # Respond Policy
  - name: Respond
    version: v1.0.0
    filePath: ./respond/v1.0.0

  # ModifyHeaders Policy
  - name: ModifyHeaders
    version: v1.0.0
    filePath: ./modify-headers/v1.0.0

  # BasicAuth Policy
  - name: BasicAuth
    version: v1.0.0
    filePath: ./basic-auth/v1.0.0

  - name: JwtAuthentication
    version: v0.1.0
    filePath: ./jwt-auth/v0.1.0

  # WordCountGuardrail Policy
  - name: WordCountGuardrail
    version: v0.1.0
    filePath: ./word-count-guardrail/v0.1.0

  # SentenceCountGuardrail Policy
  - name: SentenceCountGuardrail
    version: v0.1.0
    filePath: ./sentence-count-guardrail/v0.1.0

  # UrlGuardrail Policy
  - name: URLGuardrail
    version: v0.1.0
    filePath: ./url-guardrail/v0.1.0

  # RegexGuardrail Policy
  - name: RegexGuardrail
    version: v0.1.0
    filePath: ./regex-guardrail/v0.1.0

  # ContentLengthGuardrail Policy
  - name: ContentLengthGuardrail
    version: v0.1.0
    filePath: ./content-length-guardrail/v0.1.0

  # PIIMaskingRegex Policy
  - name: PIIMaskingRegex
    version: v0.1.0
    filePath: ./pii-masking-regex/v0.1.0

  # JSONSchemaGuardrail Policy
  - name: JSONSchemaGuardrail
    version: v0.1.0
    filePath: ./json-schema-guardrail/v0.1.0

  - name: McpAuthentication
    version: v0.1.0
    filePath: ./mcp-auth/v0.1.0

  # API Key Authentication Policy
  - name: APIKeyAuthentication
    version: v0.1.0
    filePath: ./api-key-auth/v0.1.0
